
Microsoft Visual Studio Solution File, Format Version 12.00
# Visual Studio Version 17
VisualStudioVersion = 17.4.33103.184
MinimumVisualStudioVersion = 10.0.40219.1
Project("{FAE04EC0-301F-11D3-BF4B-00C04F79EFBC}") = "SecFlowMessenger", "SecFlowMessenger.csproj", "{6333A574-4E25-41A9-BA2B-C77B0414F16D}"
EndProject
Global
	GlobalSection(SolutionConfigurationPlatforms) = preSolution
		Debug|Any CPU = Debug|Any CPU
		Release|Any CPU = Release|Any CPU
	EndGlobalSection
	GlobalSection(ProjectConfigurationPlatforms) = postSolution
		{6333A574-4E25-41A9-BA2B-C77B0414F16D}.Debug|Any CPU.ActiveCfg = Debug|Any CPU
		{6333A574-4E25-41A9-BA2B-C77B0414F16D}.Debug|Any CPU.Build.0 = Debug|Any CPU
		{6333A574-4E25-41A9-BA2B-C77B0414F16D}.Release|Any CPU.ActiveCfg = Release|Any CPU
		{6333A574-4E25-41A9-BA2B-C77B0414F16D}.Release|Any CPU.Build.0 = Release|Any CPU
	EndGlobalSection
	GlobalSection(SolutionProperties) = preSolution
		HideSolutionNode = FALSE
	EndGlobalSection
	GlobalSection(ExtensibilityGlobals) = postSolution
		SolutionGuid = {D909BF38-F06D-4600-B4E9-C04303923A5D}
	EndGlobalSection
EndGlobal
