
Microsoft Visual Studio Solution File, Format Version 12.00
# Visual Studio Version 17
VisualStudioVersion = 17.4.33213.308
MinimumVisualStudioVersion = 10.0.40219.1
Project("{FAE04EC0-301F-11D3-BF4B-00C04F79EFBC}") = "MessangerServer", "MessangerServer\MessangerServer.csproj", "{96C07991-4D7F-4D77-ACD9-A0BD0AAC54C6}"
EndProject
Global
	GlobalSection(SolutionConfigurationPlatforms) = preSolution
		Debug|Any CPU = Debug|Any CPU
		Release|Any CPU = Release|Any CPU
	EndGlobalSection
	GlobalSection(ProjectConfigurationPlatforms) = postSolution
		{96C07991-4D7F-4D77-ACD9-A0BD0AAC54C6}.Debug|Any CPU.ActiveCfg = Debug|Any CPU
		{96C07991-4D7F-4D77-ACD9-A0BD0AAC54C6}.Debug|Any CPU.Build.0 = Debug|Any CPU
		{96C07991-4D7F-4D77-ACD9-A0BD0AAC54C6}.Release|Any CPU.ActiveCfg = Release|Any CPU
		{96C07991-4D7F-4D77-ACD9-A0BD0AAC54C6}.Release|Any CPU.Build.0 = Release|Any CPU
	EndGlobalSection
	GlobalSection(SolutionProperties) = preSolution
		HideSolutionNode = FALSE
	EndGlobalSection
	GlobalSection(ExtensibilityGlobals) = postSolution
		SolutionGuid = {1EC8C1AB-BEF2-41D8-98A3-BA7D11ECF881}
	EndGlobalSection
EndGlobal
